
Microsoft Visual Studio Solution File, Format Version 12.00
# Visual Studio 15
VisualStudioVersion = 15.0.27703.2047
MinimumVisualStudioVersion = 10.0.40219.1
Project("{FAE04EC0-301F-11D3-BF4B-00C04F79EFBC}") = "Api", "Api\Api.csproj", "{708A93D0-BEE3-4CDE-8E67-B562B322DF11}"
EndProject
Project("{FAE04EC0-301F-11D3-BF4B-00C04F79EFBC}") = "Dominio", "Dominio\Dominio.csproj", "{0D90D1E5-AC8B-41B2-B238-71C4B61ED8EA}"
EndProject
Project("{FAE04EC0-301F-11D3-BF4B-00C04F79EFBC}") = "Infra", "Infra\Infra.csproj", "{A1FB78D1-656E-4FC5-B0D8-D420E03DD4C5}"
EndProject
Global
	GlobalSection(SolutionConfigurationPlatforms) = preSolution
		Debug|Any CPU = Debug|Any CPU
		Release|Any CPU = Release|Any CPU
	EndGlobalSection
	GlobalSection(ProjectConfigurationPlatforms) = postSolution
		{708A93D0-BEE3-4CDE-8E67-B562B322DF11}.Debug|Any CPU.ActiveCfg = Debug|Any CPU
		{708A93D0-BEE3-4CDE-8E67-B562B322DF11}.Debug|Any CPU.Build.0 = Debug|Any CPU
		{708A93D0-BEE3-4CDE-8E67-B562B322DF11}.Release|Any CPU.ActiveCfg = Release|Any CPU
		{708A93D0-BEE3-4CDE-8E67-B562B322DF11}.Release|Any CPU.Build.0 = Release|Any CPU
		{0D90D1E5-AC8B-41B2-B238-71C4B61ED8EA}.Debug|Any CPU.ActiveCfg = Debug|Any CPU
		{0D90D1E5-AC8B-41B2-B238-71C4B61ED8EA}.Debug|Any CPU.Build.0 = Debug|Any CPU
		{0D90D1E5-AC8B-41B2-B238-71C4B61ED8EA}.Release|Any CPU.ActiveCfg = Release|Any CPU
		{0D90D1E5-AC8B-41B2-B238-71C4B61ED8EA}.Release|Any CPU.Build.0 = Release|Any CPU
		{A1FB78D1-656E-4FC5-B0D8-D420E03DD4C5}.Debug|Any CPU.ActiveCfg = Debug|Any CPU
		{A1FB78D1-656E-4FC5-B0D8-D420E03DD4C5}.Debug|Any CPU.Build.0 = Debug|Any CPU
		{A1FB78D1-656E-4FC5-B0D8-D420E03DD4C5}.Release|Any CPU.ActiveCfg = Release|Any CPU
		{A1FB78D1-656E-4FC5-B0D8-D420E03DD4C5}.Release|Any CPU.Build.0 = Release|Any CPU
	EndGlobalSection
	GlobalSection(SolutionProperties) = preSolution
		HideSolutionNode = FALSE
	EndGlobalSection
	GlobalSection(ExtensibilityGlobals) = postSolution
		SolutionGuid = {4693A789-7572-40BC-B6DC-E6618C60C550}
	EndGlobalSection
EndGlobal
